{
  "name": "@funtiwe/utils",
  "version": "1.0.0",
  "lockfileVersion": 2,
  "requires": true,
  "packages": {
    "": {
      "name": "@funtiwe/utils",
      "version": "1.0.0",
      "license": "ISC",
      "dependencies": {
        "utils": "github:funtiwe1/utils"
      }
    },
    "node_modules/utils": {
      "version": "1.0.0",
      "resolved": "git+ssh://git@github.com/funtiwe1/utils.git#ed65a7228d88e01fa6da2e534383ec6b5d3e73b6",
      "license": "ISC"
    }
  },
  "dependencies": {
    "utils": {
      "version": "git+ssh://git@github.com/funtiwe1/utils.git#ed65a7228d88e01fa6da2e534383ec6b5d3e73b6",
      "from": "utils@funtiwe1/utils"
    }
  }
}
